{
  "requires": true,
  "lockfileVersion": 1,
  "dependencies": {
    "kibounohana": {
      "version": "0.1.3",
      "resolved": "https://registry.npmjs.org/kibounohana/-/kibounohana-0.1.3.tgz",
      "integrity": "sha512-HysWSaotDQ3UrJytII0cTrYKxjtEE7+P15uKUkeqAI8AwL0FkkO0ePcFEY1YqNX7qVn3ChSQmCB7ZHt3FBKfYg=="
    }
  }
}
